
Microsoft Visual Studio Solution File, Format Version 12.00
# Visual Studio Version 17
VisualStudioVersion = 17.5.33516.290
MinimumVisualStudioVersion = 10.0.40219.1
Project("{9A19103F-16F7-4668-BE54-9A1E7A4F7556}") = "EF010.CodeFirstMigration", "EF010.CodeFirstMigration\EF010.CodeFirstMigration.csproj", "{55014AA5-43E0-43BD-BBFA-9C33CF1347EE}"
EndProject
Global
	GlobalSection(SolutionConfigurationPlatforms) = preSolution
		Debug|Any CPU = Debug|Any CPU
		Release|Any CPU = Release|Any CPU
	EndGlobalSection
	GlobalSection(ProjectConfigurationPlatforms) = postSolution
		{55014AA5-43E0-43BD-BBFA-9C33CF1347EE}.Debug|Any CPU.ActiveCfg = Debug|Any CPU
		{55014AA5-43E0-43BD-BBFA-9C33CF1347EE}.Debug|Any CPU.Build.0 = Debug|Any CPU
		{55014AA5-43E0-43BD-BBFA-9C33CF1347EE}.Release|Any CPU.ActiveCfg = Release|Any CPU
		{55014AA5-43E0-43BD-BBFA-9C33CF1347EE}.Release|Any CPU.Build.0 = Release|Any CPU
	EndGlobalSection
	GlobalSection(SolutionProperties) = preSolution
		HideSolutionNode = FALSE
	EndGlobalSection
	GlobalSection(ExtensibilityGlobals) = postSolution
		SolutionGuid = {0D0E93BC-F06B-4B07-B75F-9A3E7626F611}
	EndGlobalSection
EndGlobal
